
Microsoft Visual Studio Solution File, Format Version 12.00
# Visual Studio 14
VisualStudioVersion = 14.0.25420.1
MinimumVisualStudioVersion = 10.0.40219.1
Project("{2150E333-8FDC-42A3-9474-1A3956D46DE8}") = "Android1", "Android1", "{DE2B99FD-A876-4FDE-82E0-5338EA34EE25}"
EndProject
Project("{39E2626F-3545-4960-A6E8-258AD8476CE5}") = "Android1.Packaging", "Android1\Android1.Packaging\Android1.Packaging.androidproj", "{EF2136E1-656A-4034-A186-3732E14F92E2}"
EndProject
Project("{8BC9CEB8-8B4A-11D0-8D11-00A0C91BC942}") = "Android1.NativeActivity", "Android1\Android1.NativeActivity\Android1.NativeActivity.vcxproj", "{FF854531-A57E-4ABF-8F0F-FD9132339814}"
EndProject
Global
	GlobalSection(SolutionConfigurationPlatforms) = preSolution
		Debug|ARM = Debug|ARM
		Debug|ARM64 = Debug|ARM64
		Debug|x64 = Debug|x64
		Debug|x86 = Debug|x86
		Release|ARM = Release|ARM
		Release|ARM64 = Release|ARM64
		Release|x64 = Release|x64
		Release|x86 = Release|x86
	EndGlobalSection
	GlobalSection(ProjectConfigurationPlatforms) = postSolution
		{EF2136E1-656A-4034-A186-3732E14F92E2}.Debug|ARM.ActiveCfg = Debug|ARM
		{EF2136E1-656A-4034-A186-3732E14F92E2}.Debug|ARM.Build.0 = Debug|ARM
		{EF2136E1-656A-4034-A186-3732E14F92E2}.Debug|ARM.Deploy.0 = Debug|ARM
		{EF2136E1-656A-4034-A186-3732E14F92E2}.Debug|ARM64.ActiveCfg = Debug|ARM64
		{EF2136E1-656A-4034-A186-3732E14F92E2}.Debug|ARM64.Build.0 = Debug|ARM64
		{EF2136E1-656A-4034-A186-3732E14F92E2}.Debug|ARM64.Deploy.0 = Debug|ARM64
		{EF2136E1-656A-4034-A186-3732E14F92E2}.Debug|x64.ActiveCfg = Debug|x64
		{EF2136E1-656A-4034-A186-3732E14F92E2}.Debug|x64.Build.0 = Debug|x64
		{EF2136E1-656A-4034-A186-3732E14F92E2}.Debug|x64.Deploy.0 = Debug|x64
		{EF2136E1-656A-4034-A186-3732E14F92E2}.Debug|x86.ActiveCfg = Debug|x86
		{EF2136E1-656A-4034-A186-3732E14F92E2}.Debug|x86.Build.0 = Debug|x86
		{EF2136E1-656A-4034-A186-3732E14F92E2}.Debug|x86.Deploy.0 = Debug|x86
		{EF2136E1-656A-4034-A186-3732E14F92E2}.Release|ARM.ActiveCfg = Release|ARM
		{EF2136E1-656A-4034-A186-3732E14F92E2}.Release|ARM.Build.0 = Release|ARM
		{EF2136E1-656A-4034-A186-3732E14F92E2}.Release|ARM.Deploy.0 = Release|ARM
		{EF2136E1-656A-4034-A186-3732E14F92E2}.Release|ARM64.ActiveCfg = Release|ARM64
		{EF2136E1-656A-4034-A186-3732E14F92E2}.Release|ARM64.Build.0 = Release|ARM64
		{EF2136E1-656A-4034-A186-3732E14F92E2}.Release|ARM64.Deploy.0 = Release|ARM64
		{EF2136E1-656A-4034-A186-3732E14F92E2}.Release|x64.ActiveCfg = Release|x64
		{EF2136E1-656A-4034-A186-3732E14F92E2}.Release|x64.Build.0 = Release|x64
		{EF2136E1-656A-4034-A186-3732E14F92E2}.Release|x64.Deploy.0 = Release|x64
		{EF2136E1-656A-4034-A186-3732E14F92E2}.Release|x86.ActiveCfg = Release|x86
		{EF2136E1-656A-4034-A186-3732E14F92E2}.Release|x86.Build.0 = Release|x86
		{EF2136E1-656A-4034-A186-3732E14F92E2}.Release|x86.Deploy.0 = Release|x86
		{FF854531-A57E-4ABF-8F0F-FD9132339814}.Debug|ARM.ActiveCfg = Debug|ARM
		{FF854531-A57E-4ABF-8F0F-FD9132339814}.Debug|ARM.Build.0 = Debug|ARM
		{FF854531-A57E-4ABF-8F0F-FD9132339814}.Debug|ARM64.ActiveCfg = Debug|ARM64
		{FF854531-A57E-4ABF-8F0F-FD9132339814}.Debug|ARM64.Build.0 = Debug|ARM64
		{FF854531-A57E-4ABF-8F0F-FD9132339814}.Debug|x64.ActiveCfg = Debug|x64
		{FF854531-A57E-4ABF-8F0F-FD9132339814}.Debug|x64.Build.0 = Debug|x64
		{FF854531-A57E-4ABF-8F0F-FD9132339814}.Debug|x86.ActiveCfg = Debug|x86
		{FF854531-A57E-4ABF-8F0F-FD9132339814}.Debug|x86.Build.0 = Debug|x86
		{FF854531-A57E-4ABF-8F0F-FD9132339814}.Release|ARM.ActiveCfg = Release|ARM
		{FF854531-A57E-4ABF-8F0F-FD9132339814}.Release|ARM.Build.0 = Release|ARM
		{FF854531-A57E-4ABF-8F0F-FD9132339814}.Release|ARM64.ActiveCfg = Release|ARM64
		{FF854531-A57E-4ABF-8F0F-FD9132339814}.Release|ARM64.Build.0 = Release|ARM64
		{FF854531-A57E-4ABF-8F0F-FD9132339814}.Release|x64.ActiveCfg = Release|x64
		{FF854531-A57E-4ABF-8F0F-FD9132339814}.Release|x64.Build.0 = Release|x64
		{FF854531-A57E-4ABF-8F0F-FD9132339814}.Release|x86.ActiveCfg = Release|x86
		{FF854531-A57E-4ABF-8F0F-FD9132339814}.Release|x86.Build.0 = Release|x86
	EndGlobalSection
	GlobalSection(SolutionProperties) = preSolution
		HideSolutionNode = FALSE
	EndGlobalSection
	GlobalSection(NestedProjects) = preSolution
		{EF2136E1-656A-4034-A186-3732E14F92E2} = {DE2B99FD-A876-4FDE-82E0-5338EA34EE25}
		{FF854531-A57E-4ABF-8F0F-FD9132339814} = {DE2B99FD-A876-4FDE-82E0-5338EA34EE25}
	EndGlobalSection
EndGlobal
