
Microsoft Visual Studio Solution File, Format Version 12.00
# Visual Studio 14
VisualStudioVersion = 14.0.25420.1
MinimumVisualStudioVersion = 10.0.40219.1
Project("{8BC9CEB8-8B4A-11D0-8D11-00A0C91BC942}") = "Compensatii", "Compensatii\Compensatii.vcxproj", "{B359564E-6B7D-48D0-98FF-99CA3D7BAF94}"
EndProject
Project("{8BC9CEB8-8B4A-11D0-8D11-00A0C91BC942}") = "dataManipulating", "dataManipulating\dataManipulating.vcxproj", "{457E2386-45CF-46A7-902F-FD7143C51B95}"
EndProject
Global
	GlobalSection(SolutionConfigurationPlatforms) = preSolution
		Debug|x64 = Debug|x64
		Debug|x86 = Debug|x86
		Release|x64 = Release|x64
		Release|x86 = Release|x86
	EndGlobalSection
	GlobalSection(ProjectConfigurationPlatforms) = postSolution
		{B359564E-6B7D-48D0-98FF-99CA3D7BAF94}.Debug|x64.ActiveCfg = Debug|x64
		{B359564E-6B7D-48D0-98FF-99CA3D7BAF94}.Debug|x64.Build.0 = Debug|x64
		{B359564E-6B7D-48D0-98FF-99CA3D7BAF94}.Debug|x86.ActiveCfg = Debug|Win32
		{B359564E-6B7D-48D0-98FF-99CA3D7BAF94}.Debug|x86.Build.0 = Debug|Win32
		{B359564E-6B7D-48D0-98FF-99CA3D7BAF94}.Release|x64.ActiveCfg = Release|x64
		{B359564E-6B7D-48D0-98FF-99CA3D7BAF94}.Release|x64.Build.0 = Release|x64
		{B359564E-6B7D-48D0-98FF-99CA3D7BAF94}.Release|x86.ActiveCfg = Release|Win32
		{B359564E-6B7D-48D0-98FF-99CA3D7BAF94}.Release|x86.Build.0 = Release|Win32
		{457E2386-45CF-46A7-902F-FD7143C51B95}.Debug|x64.ActiveCfg = Debug|x64
		{457E2386-45CF-46A7-902F-FD7143C51B95}.Debug|x64.Build.0 = Debug|x64
		{457E2386-45CF-46A7-902F-FD7143C51B95}.Debug|x86.ActiveCfg = Debug|Win32
		{457E2386-45CF-46A7-902F-FD7143C51B95}.Debug|x86.Build.0 = Debug|Win32
		{457E2386-45CF-46A7-902F-FD7143C51B95}.Release|x64.ActiveCfg = Release|x64
		{457E2386-45CF-46A7-902F-FD7143C51B95}.Release|x64.Build.0 = Release|x64
		{457E2386-45CF-46A7-902F-FD7143C51B95}.Release|x86.ActiveCfg = Release|Win32
		{457E2386-45CF-46A7-902F-FD7143C51B95}.Release|x86.Build.0 = Release|Win32
	EndGlobalSection
	GlobalSection(SolutionProperties) = preSolution
		HideSolutionNode = FALSE
	EndGlobalSection
EndGlobal
